{
  "name": "game-platform",
  "lockfileVersion": 3,
  "requires": true,
  "packages": {
    "": {
      "dependencies": {
        "@primer/octicons": "^19.14.0"
      },
      "devDependencies": {
        "@types/primer__octicons": "^19.11.0"
      }
    },
    "node_modules/@primer/octicons": {
      "version": "19.14.0",
      "resolved": "https://registry.npmjs.org/@primer/octicons/-/octicons-19.14.0.tgz",
      "integrity": "sha512-9Ovw/xcUFHC/zbsNhr/Hkp1+m9XnNeQvnGHDHrI5vhlf6PRZVzSsdMnesV2xCzQh7jXP3EVRcaeXsUGlsZrfcA==",
      "license": "MIT",
      "dependencies": {
        "object-assign": "^4.1.1"
      }
    },
    "node_modules/@types/primer__octicons": {
      "version": "19.11.0",
      "resolved": "https://registry.npmjs.org/@types/primer__octicons/-/primer__octicons-19.11.0.tgz",
      "integrity": "sha512-NmSSzuKo526mpi7zWStxFej6k0/PLQYHgl/r3gQCqyH5/U2uqRAsMEUFOaIYi2ylFbey33sYdBI5y3xIsfwbEw==",
      "dev": true,
      "license": "MIT"
    },
    "node_modules/object-assign": {
      "version": "4.1.1",
      "resolved": "https://registry.npmjs.org/object-assign/-/object-assign-4.1.1.tgz",
      "integrity": "sha512-rJgTQnkUnH1sFw8yT6VSU3zD3sWmu6sZhIseY8VX+GRu3P6F7Fu+JNDoXfklElbLJSnc3FUQHVe4cU5hj+BcUg==",
      "license": "MIT",
      "engines": {
        "node": ">=0.10.0"
      }
    }
  }
}
